{
    "_meta": {
        "hash": {
            "sha256": "d0318d4b5a1f482467bb760042fe6201db38d90fc4ebb738624029aa4c8e0b14"
        },
        "pipfile-spec": 6,
        "requires": {
            "python_version": "3.10"
        },
        "sources": [
            {
                "name": "pypi",
                "url": "https://pypi.org/simple",
                "verify_ssl": true
            }
        ]
    },
    "default": {
        "python-decouple": {
            "hashes": [
                "sha256:ba6e2657d4f376ecc46f77a3a615e058d93ba5e465c01bbe57289bfb7cce680f",
                "sha256:d0d45340815b25f4de59c974b855bb38d03151d81b037d9e3f463b0c9f8cbd66"
            ],
            "index": "pypi",
            "version": "==3.8"
        },
        "slack-bolt": {
            "hashes": [
                "sha256:2509e5bb43898a593667bf37965057a9b9a41008b29628e3b57a6136b650b90e",
                "sha256:694f84a81ba1c4c428ba7daa01d599d3e9fba7a54ad10c11008aa22573b23ff0"
            ],
            "index": "pypi",
            "version": "==1.18.1"
        },
        "slack-sdk": {
            "hashes": [
                "sha256:af97158e6ac7f667e158e8036e63dc1f79db9bd36216a33c10fcc49be7c2f30c",
                "sha256:bb145bf2bd93b60a17cd55c05cb15868c9a07d845b6fb608c798b50bce21cb99"
            ],
            "markers": "python_version >= '3.6'",
            "version": "==3.27.2"
        }
    },
    "develop": {}
}
